
Microsoft Visual Studio Solution File, Format Version 12.00
# Visual Studio Version 16
VisualStudioVersion = 16.0.29806.167
MinimumVisualStudioVersion = 10.0.40219.1
Project("{9A19103F-16F7-4668-BE54-9A1E7A4F7556}") = "Infotec", "Infotec.csproj", "{6F481578-B7B9-4A7B-B265-B69C3988F724}"
EndProject
Global
	GlobalSection(SolutionConfigurationPlatforms) = preSolution
		Debug|Any CPU = Debug|Any CPU
		Release|Any CPU = Release|Any CPU
	EndGlobalSection
	GlobalSection(ProjectConfigurationPlatforms) = postSolution
		{6F481578-B7B9-4A7B-B265-B69C3988F724}.Debug|Any CPU.ActiveCfg = Debug|Any CPU
		{6F481578-B7B9-4A7B-B265-B69C3988F724}.Debug|Any CPU.Build.0 = Debug|Any CPU
		{6F481578-B7B9-4A7B-B265-B69C3988F724}.Release|Any CPU.ActiveCfg = Release|Any CPU
		{6F481578-B7B9-4A7B-B265-B69C3988F724}.Release|Any CPU.Build.0 = Release|Any CPU
	EndGlobalSection
	GlobalSection(SolutionProperties) = preSolution
		HideSolutionNode = FALSE
	EndGlobalSection
	GlobalSection(ExtensibilityGlobals) = postSolution
		SolutionGuid = {8E821508-DBC8-4AFA-8D31-4234FE3B6F10}
	EndGlobalSection
EndGlobal
